
Microsoft Visual Studio Solution File, Format Version 12.00
# Visual Studio Version 17
VisualStudioVersion = 17.8.34601.278
MinimumVisualStudioVersion = 10.0.40219.1
Project("{FAE04EC0-301F-11D3-BF4B-00C04F79EFBC}") = "PsuLive", "PsuLive\PsuLive.csproj", "{7740A9AA-722E-4EE3-B7DC-14EC637E00DA}"
EndProject
Global
	GlobalSection(SolutionConfigurationPlatforms) = preSolution
		Debug|Any CPU = Debug|Any CPU
		Release|Any CPU = Release|Any CPU
	EndGlobalSection
	GlobalSection(ProjectConfigurationPlatforms) = postSolution
		{7740A9AA-722E-4EE3-B7DC-14EC637E00DA}.Debug|Any CPU.ActiveCfg = Debug|Any CPU
		{7740A9AA-722E-4EE3-B7DC-14EC637E00DA}.Debug|Any CPU.Build.0 = Debug|Any CPU
		{7740A9AA-722E-4EE3-B7DC-14EC637E00DA}.Release|Any CPU.ActiveCfg = Release|Any CPU
		{7740A9AA-722E-4EE3-B7DC-14EC637E00DA}.Release|Any CPU.Build.0 = Release|Any CPU
	EndGlobalSection
	GlobalSection(SolutionProperties) = preSolution
		HideSolutionNode = FALSE
	EndGlobalSection
	GlobalSection(ExtensibilityGlobals) = postSolution
		SolutionGuid = {3E232A9A-A8E6-4403-8ED0-CFAD3CC268A8}
	EndGlobalSection
EndGlobal
